
Microsoft Visual Studio Solution File, Format Version 12.00
# Visual Studio Version 16
VisualStudioVersion = 16.0.29509.3
MinimumVisualStudioVersion = 10.0.40219.1
Project("{9A19103F-16F7-4668-BE54-9A1E7A4F7556}") = "Service", "Services\Service.csproj", "{DF97B843-692D-4531-BF67-64FAC39E9971}"
EndProject
Project("{9A19103F-16F7-4668-BE54-9A1E7A4F7556}") = "TrainingZonesCalculators", "..\lib\TrainingZonesCalculators\TrainingZonesCalculators.csproj", "{D730248F-31E8-432E-B517-988EB0DF2FEC}"
EndProject
Project("{9A19103F-16F7-4668-BE54-9A1E7A4F7556}") = "TrainingZonesCalculatorsTests", "..\lib\TrainingZonesCalculatorsTests\TrainingZonesCalculatorsTests.csproj", "{EB451B3B-0494-4750-AF0B-A143ED897FA0}"
EndProject
Project("{FAE04EC0-301F-11D3-BF4B-00C04F79EFBC}") = "Contract", "Contract\Contract.csproj", "{5241D898-0E54-463C-8691-48FEEE8AB484}"
EndProject
Global
	GlobalSection(SolutionConfigurationPlatforms) = preSolution
		Debug|Any CPU = Debug|Any CPU
		Release|Any CPU = Release|Any CPU
	EndGlobalSection
	GlobalSection(ProjectConfigurationPlatforms) = postSolution
		{DF97B843-692D-4531-BF67-64FAC39E9971}.Debug|Any CPU.ActiveCfg = Debug|Any CPU
		{DF97B843-692D-4531-BF67-64FAC39E9971}.Debug|Any CPU.Build.0 = Debug|Any CPU
		{DF97B843-692D-4531-BF67-64FAC39E9971}.Release|Any CPU.ActiveCfg = Release|Any CPU
		{DF97B843-692D-4531-BF67-64FAC39E9971}.Release|Any CPU.Build.0 = Release|Any CPU
		{D730248F-31E8-432E-B517-988EB0DF2FEC}.Debug|Any CPU.ActiveCfg = Debug|Any CPU
		{D730248F-31E8-432E-B517-988EB0DF2FEC}.Debug|Any CPU.Build.0 = Debug|Any CPU
		{D730248F-31E8-432E-B517-988EB0DF2FEC}.Release|Any CPU.ActiveCfg = Release|Any CPU
		{D730248F-31E8-432E-B517-988EB0DF2FEC}.Release|Any CPU.Build.0 = Release|Any CPU
		{EB451B3B-0494-4750-AF0B-A143ED897FA0}.Debug|Any CPU.ActiveCfg = Debug|Any CPU
		{EB451B3B-0494-4750-AF0B-A143ED897FA0}.Debug|Any CPU.Build.0 = Debug|Any CPU
		{EB451B3B-0494-4750-AF0B-A143ED897FA0}.Release|Any CPU.ActiveCfg = Release|Any CPU
		{EB451B3B-0494-4750-AF0B-A143ED897FA0}.Release|Any CPU.Build.0 = Release|Any CPU
		{5241D898-0E54-463C-8691-48FEEE8AB484}.Debug|Any CPU.ActiveCfg = Debug|Any CPU
		{5241D898-0E54-463C-8691-48FEEE8AB484}.Debug|Any CPU.Build.0 = Debug|Any CPU
		{5241D898-0E54-463C-8691-48FEEE8AB484}.Release|Any CPU.ActiveCfg = Release|Any CPU
		{5241D898-0E54-463C-8691-48FEEE8AB484}.Release|Any CPU.Build.0 = Release|Any CPU
	EndGlobalSection
	GlobalSection(SolutionProperties) = preSolution
		HideSolutionNode = FALSE
	EndGlobalSection
	GlobalSection(ExtensibilityGlobals) = postSolution
		SolutionGuid = {01C5BC1F-9F96-46C3-9AF6-33A141985D97}
	EndGlobalSection
EndGlobal
