
Microsoft Visual Studio Solution File, Format Version 12.00
# Visual Studio Version 16
VisualStudioVersion = 16.0.30608.117
MinimumVisualStudioVersion = 10.0.40219.1
Project("{9A19103F-16F7-4668-BE54-9A1E7A4F7556}") = "BlazorApp", "BlazorApp\BlazorApp.csproj", "{4796D09F-4279-490B-BBA0-B6A32AB663B2}"
EndProject
Project("{9A19103F-16F7-4668-BE54-9A1E7A4F7556}") = "BlazorApp.Tests", "BlazorApp.Tests\BlazorApp.Tests.csproj", "{3206D960-2EEA-4CD2-8BD1-2EE615FFAB53}"
EndProject
Project("{2150E333-8FDC-42A3-9474-1A3956D46DE8}") = "Solution Items", "Solution Items", "{94540381-8F8A-453E-AFE2-51921E05CCC3}"
	ProjectSection(SolutionItems) = preProject
		.editorconfig = .editorconfig
		CompanySettings.DotSettings = CompanySettings.DotSettings
		stylecop.json = stylecop.json
		Trainer.sln.DotSettings = Trainer.sln.DotSettings
	EndProjectSection
EndProject
Project("{2150E333-8FDC-42A3-9474-1A3956D46DE8}") = ".nuget", ".nuget", "{39FDF96C-A877-44C4-911B-324D17B2126C}"
	ProjectSection(SolutionItems) = preProject
		.nuget\NuGet.config = .nuget\NuGet.config
	EndProjectSection
EndProject
Project("{FAE04EC0-301F-11D3-BF4B-00C04F79EFBC}") = "ZonesCalculators", "ZonesCalculators\ZonesCalculators.csproj", "{52B67DB4-D9B9-4280-BDEE-1FF9603364A4}"
EndProject
Project("{9A19103F-16F7-4668-BE54-9A1E7A4F7556}") = "ZonesCalculators.Tests", "ZonesCalculators.Tests\ZonesCalculators.Tests.csproj", "{3656412C-C23E-4753-BBB6-0F27B6B57090}"
EndProject
Project("{FAE04EC0-301F-11D3-BF4B-00C04F79EFBC}") = "ConsoleApp", "ConsoleApp\ConsoleApp.csproj", "{15FB060F-2376-44B7-8C92-859BF7A181AB}"
EndProject
Project("{FAE04EC0-301F-11D3-BF4B-00C04F79EFBC}") = "ConsoleApp.Tests", "ConsoleApp.Tests\ConsoleApp.Tests.csproj", "{D9716BEB-C3E2-40CE-890D-B1A7BDF65FA8}"
EndProject
Global
	GlobalSection(SolutionConfigurationPlatforms) = preSolution
		Debug|Any CPU = Debug|Any CPU
		Release|Any CPU = Release|Any CPU
	EndGlobalSection
	GlobalSection(ProjectConfigurationPlatforms) = postSolution
		{4796D09F-4279-490B-BBA0-B6A32AB663B2}.Debug|Any CPU.ActiveCfg = Debug|Any CPU
		{4796D09F-4279-490B-BBA0-B6A32AB663B2}.Debug|Any CPU.Build.0 = Debug|Any CPU
		{4796D09F-4279-490B-BBA0-B6A32AB663B2}.Release|Any CPU.ActiveCfg = Release|Any CPU
		{4796D09F-4279-490B-BBA0-B6A32AB663B2}.Release|Any CPU.Build.0 = Release|Any CPU
		{3206D960-2EEA-4CD2-8BD1-2EE615FFAB53}.Debug|Any CPU.ActiveCfg = Debug|Any CPU
		{3206D960-2EEA-4CD2-8BD1-2EE615FFAB53}.Debug|Any CPU.Build.0 = Debug|Any CPU
		{3206D960-2EEA-4CD2-8BD1-2EE615FFAB53}.Release|Any CPU.ActiveCfg = Release|Any CPU
		{3206D960-2EEA-4CD2-8BD1-2EE615FFAB53}.Release|Any CPU.Build.0 = Release|Any CPU
		{52B67DB4-D9B9-4280-BDEE-1FF9603364A4}.Debug|Any CPU.ActiveCfg = Debug|Any CPU
		{52B67DB4-D9B9-4280-BDEE-1FF9603364A4}.Debug|Any CPU.Build.0 = Debug|Any CPU
		{52B67DB4-D9B9-4280-BDEE-1FF9603364A4}.Release|Any CPU.ActiveCfg = Release|Any CPU
		{52B67DB4-D9B9-4280-BDEE-1FF9603364A4}.Release|Any CPU.Build.0 = Release|Any CPU
		{3656412C-C23E-4753-BBB6-0F27B6B57090}.Debug|Any CPU.ActiveCfg = Debug|Any CPU
		{3656412C-C23E-4753-BBB6-0F27B6B57090}.Debug|Any CPU.Build.0 = Debug|Any CPU
		{3656412C-C23E-4753-BBB6-0F27B6B57090}.Release|Any CPU.ActiveCfg = Release|Any CPU
		{3656412C-C23E-4753-BBB6-0F27B6B57090}.Release|Any CPU.Build.0 = Release|Any CPU
		{15FB060F-2376-44B7-8C92-859BF7A181AB}.Debug|Any CPU.ActiveCfg = Debug|Any CPU
		{15FB060F-2376-44B7-8C92-859BF7A181AB}.Debug|Any CPU.Build.0 = Debug|Any CPU
		{15FB060F-2376-44B7-8C92-859BF7A181AB}.Release|Any CPU.ActiveCfg = Release|Any CPU
		{15FB060F-2376-44B7-8C92-859BF7A181AB}.Release|Any CPU.Build.0 = Release|Any CPU
		{D9716BEB-C3E2-40CE-890D-B1A7BDF65FA8}.Debug|Any CPU.ActiveCfg = Debug|Any CPU
		{D9716BEB-C3E2-40CE-890D-B1A7BDF65FA8}.Debug|Any CPU.Build.0 = Debug|Any CPU
		{D9716BEB-C3E2-40CE-890D-B1A7BDF65FA8}.Release|Any CPU.ActiveCfg = Release|Any CPU
		{D9716BEB-C3E2-40CE-890D-B1A7BDF65FA8}.Release|Any CPU.Build.0 = Release|Any CPU
	EndGlobalSection
	GlobalSection(SolutionProperties) = preSolution
		HideSolutionNode = FALSE
	EndGlobalSection
	GlobalSection(ExtensibilityGlobals) = postSolution
		SolutionGuid = {2E9F703A-55DE-4894-975D-CC2196235D9F}
	EndGlobalSection
EndGlobal
